
Microsoft Visual Studio Solution File, Format Version 11.00
# Visual Studio 2010
Project("{FAE04EC0-301F-11D3-BF4B-00C04F79EFBC}") = "newSpace3", "spaceMenu\spaceMenu\newSpace3.csproj", "{42E80616-98D9-4EA3-B841-F5A5DB044E56}"
EndProject
Project("{FAE04EC0-301F-11D3-BF4B-00C04F79EFBC}") = "newSpaceContent", "spaceMenu\spaceMenuContent\newSpaceContent.contentproj", "{D89D3972-BC4C-413C-B824-1063893F2BD3}"
EndProject
Global
	GlobalSection(SolutionConfigurationPlatforms) = preSolution
		Debug|Windows Phone = Debug|Windows Phone
		Release|Windows Phone = Release|Windows Phone
	EndGlobalSection
	GlobalSection(ProjectConfigurationPlatforms) = postSolution
		{42E80616-98D9-4EA3-B841-F5A5DB044E56}.Debug|Windows Phone.ActiveCfg = Debug|Windows Phone
		{42E80616-98D9-4EA3-B841-F5A5DB044E56}.Debug|Windows Phone.Build.0 = Debug|Windows Phone
		{42E80616-98D9-4EA3-B841-F5A5DB044E56}.Debug|Windows Phone.Deploy.0 = Debug|Windows Phone
		{42E80616-98D9-4EA3-B841-F5A5DB044E56}.Release|Windows Phone.ActiveCfg = Release|Windows Phone
		{42E80616-98D9-4EA3-B841-F5A5DB044E56}.Release|Windows Phone.Build.0 = Release|Windows Phone
		{42E80616-98D9-4EA3-B841-F5A5DB044E56}.Release|Windows Phone.Deploy.0 = Release|Windows Phone
		{D89D3972-BC4C-413C-B824-1063893F2BD3}.Debug|Windows Phone.ActiveCfg = Debug|Windows Phone
		{D89D3972-BC4C-413C-B824-1063893F2BD3}.Release|Windows Phone.ActiveCfg = Release|Windows Phone
	EndGlobalSection
	GlobalSection(SolutionProperties) = preSolution
		HideSolutionNode = FALSE
	EndGlobalSection
EndGlobal
